
Microsoft Visual Studio Solution File, Format Version 12.00
Project("{FAE04EC0-301F-11D3-BF4B-00C04F79EFBC}") = "StorageTransfer", "StorageTransfer\StorageTransfer.csproj", "{C5AAD9B8-A1EB-4B4E-B98E-B3CCC6FBB969}"
EndProject
Global
	GlobalSection(SolutionConfigurationPlatforms) = preSolution
		Debug|Any CPU = Debug|Any CPU
		Release|Any CPU = Release|Any CPU
	EndGlobalSection
	GlobalSection(ProjectConfigurationPlatforms) = postSolution
		{C5AAD9B8-A1EB-4B4E-B98E-B3CCC6FBB969}.Debug|Any CPU.ActiveCfg = Debug|Any CPU
		{C5AAD9B8-A1EB-4B4E-B98E-B3CCC6FBB969}.Debug|Any CPU.Build.0 = Debug|Any CPU
		{C5AAD9B8-A1EB-4B4E-B98E-B3CCC6FBB969}.Release|Any CPU.ActiveCfg = Release|Any CPU
		{C5AAD9B8-A1EB-4B4E-B98E-B3CCC6FBB969}.Release|Any CPU.Build.0 = Release|Any CPU
	EndGlobalSection
EndGlobal
